
Microsoft Visual Studio Solution File, Format Version 12.00
# Visual Studio Version 16
VisualStudioVersion = 16.0.32002.261
MinimumVisualStudioVersion = 10.0.40219.1
Project("{FAE04EC0-301F-11D3-BF4B-00C04F79EFBC}") = "ElevenNote.WebMVC", "ElevenNote.WebMVC\ElevenNote.WebMVC.csproj", "{F13A222B-35CC-41AF-BE05-C19EEB4D24ED}"
EndProject
Project("{FAE04EC0-301F-11D3-BF4B-00C04F79EFBC}") = "ElevenNote.Data", "ElevenNote.Data\ElevenNote.Data.csproj", "{522DC3B2-96A3-459D-B420-BE92816FBFAB}"
EndProject
Project("{FAE04EC0-301F-11D3-BF4B-00C04F79EFBC}") = "ElevenNote.Models", "ElevenNote.Models\ElevenNote.Models.csproj", "{A1ED4D26-88F8-4DC6-A8E9-9DBD13718A0B}"
EndProject
Project("{FAE04EC0-301F-11D3-BF4B-00C04F79EFBC}") = "ElevenNote.Services", "ElevenNote.Services\ElevenNote.Services.csproj", "{B2D45FDA-0558-49D3-A167-6C7D6BB4D25C}"
EndProject
Project("{FAE04EC0-301F-11D3-BF4B-00C04F79EFBC}") = "ElevenNote.Contracts", "ElevenNote.Contracts\ElevenNote.Contracts.csproj", "{11FEEC4F-4494-466B-AEE9-FA3C45E0ABFE}"
EndProject
Project("{FAE04EC0-301F-11D3-BF4B-00C04F79EFBC}") = "ElevenNote.Tests", "ElevenNote.Tests\ElevenNote.Tests.csproj", "{E418AE81-5E00-4815-924A-4B6BF31112EF}"
EndProject
Global
	GlobalSection(SolutionConfigurationPlatforms) = preSolution
		Debug|Any CPU = Debug|Any CPU
		Release|Any CPU = Release|Any CPU
	EndGlobalSection
	GlobalSection(ProjectConfigurationPlatforms) = postSolution
		{F13A222B-35CC-41AF-BE05-C19EEB4D24ED}.Debug|Any CPU.ActiveCfg = Debug|Any CPU
		{F13A222B-35CC-41AF-BE05-C19EEB4D24ED}.Debug|Any CPU.Build.0 = Debug|Any CPU
		{F13A222B-35CC-41AF-BE05-C19EEB4D24ED}.Release|Any CPU.ActiveCfg = Release|Any CPU
		{F13A222B-35CC-41AF-BE05-C19EEB4D24ED}.Release|Any CPU.Build.0 = Release|Any CPU
		{522DC3B2-96A3-459D-B420-BE92816FBFAB}.Debug|Any CPU.ActiveCfg = Debug|Any CPU
		{522DC3B2-96A3-459D-B420-BE92816FBFAB}.Debug|Any CPU.Build.0 = Debug|Any CPU
		{522DC3B2-96A3-459D-B420-BE92816FBFAB}.Release|Any CPU.ActiveCfg = Release|Any CPU
		{522DC3B2-96A3-459D-B420-BE92816FBFAB}.Release|Any CPU.Build.0 = Release|Any CPU
		{A1ED4D26-88F8-4DC6-A8E9-9DBD13718A0B}.Debug|Any CPU.ActiveCfg = Debug|Any CPU
		{A1ED4D26-88F8-4DC6-A8E9-9DBD13718A0B}.Debug|Any CPU.Build.0 = Debug|Any CPU
		{A1ED4D26-88F8-4DC6-A8E9-9DBD13718A0B}.Release|Any CPU.ActiveCfg = Release|Any CPU
		{A1ED4D26-88F8-4DC6-A8E9-9DBD13718A0B}.Release|Any CPU.Build.0 = Release|Any CPU
		{B2D45FDA-0558-49D3-A167-6C7D6BB4D25C}.Debug|Any CPU.ActiveCfg = Debug|Any CPU
		{B2D45FDA-0558-49D3-A167-6C7D6BB4D25C}.Debug|Any CPU.Build.0 = Debug|Any CPU
		{B2D45FDA-0558-49D3-A167-6C7D6BB4D25C}.Release|Any CPU.ActiveCfg = Release|Any CPU
		{B2D45FDA-0558-49D3-A167-6C7D6BB4D25C}.Release|Any CPU.Build.0 = Release|Any CPU
		{11FEEC4F-4494-466B-AEE9-FA3C45E0ABFE}.Debug|Any CPU.ActiveCfg = Debug|Any CPU
		{11FEEC4F-4494-466B-AEE9-FA3C45E0ABFE}.Debug|Any CPU.Build.0 = Debug|Any CPU
		{11FEEC4F-4494-466B-AEE9-FA3C45E0ABFE}.Release|Any CPU.ActiveCfg = Release|Any CPU
		{11FEEC4F-4494-466B-AEE9-FA3C45E0ABFE}.Release|Any CPU.Build.0 = Release|Any CPU
		{E418AE81-5E00-4815-924A-4B6BF31112EF}.Debug|Any CPU.ActiveCfg = Debug|Any CPU
		{E418AE81-5E00-4815-924A-4B6BF31112EF}.Debug|Any CPU.Build.0 = Debug|Any CPU
		{E418AE81-5E00-4815-924A-4B6BF31112EF}.Release|Any CPU.ActiveCfg = Release|Any CPU
		{E418AE81-5E00-4815-924A-4B6BF31112EF}.Release|Any CPU.Build.0 = Release|Any CPU
	EndGlobalSection
	GlobalSection(SolutionProperties) = preSolution
		HideSolutionNode = FALSE
	EndGlobalSection
	GlobalSection(ExtensibilityGlobals) = postSolution
		SolutionGuid = {4343AA95-CD99-4D55-98E6-4C67AC22DFE0}
	EndGlobalSection
EndGlobal
